
Microsoft Visual Studio Solution File, Format Version 12.00
# Visual Studio Version 17
VisualStudioVersion = 17.0.32126.317
MinimumVisualStudioVersion = 10.0.40219.1
Project("{FAE04EC0-301F-11D3-BF4B-00C04F79EFBC}") = "ProjetoLogin", "ProjetoLogin.csproj", "{107590E7-0497-485A-82C8-847AE0D68C24}"
EndProject
Global
	GlobalSection(SolutionConfigurationPlatforms) = preSolution
		Debug|Any CPU = Debug|Any CPU
		Release|Any CPU = Release|Any CPU
	EndGlobalSection
	GlobalSection(ProjectConfigurationPlatforms) = postSolution
		{107590E7-0497-485A-82C8-847AE0D68C24}.Debug|Any CPU.ActiveCfg = Debug|Any CPU
		{107590E7-0497-485A-82C8-847AE0D68C24}.Debug|Any CPU.Build.0 = Debug|Any CPU
		{107590E7-0497-485A-82C8-847AE0D68C24}.Release|Any CPU.ActiveCfg = Release|Any CPU
		{107590E7-0497-485A-82C8-847AE0D68C24}.Release|Any CPU.Build.0 = Release|Any CPU
	EndGlobalSection
	GlobalSection(SolutionProperties) = preSolution
		HideSolutionNode = FALSE
	EndGlobalSection
	GlobalSection(ExtensibilityGlobals) = postSolution
		SolutionGuid = {BE5C9F96-D44E-49E9-867D-9FCC9510BDC5}
	EndGlobalSection
EndGlobal
